
Microsoft Visual Studio Solution File, Format Version 12.00
# Visual Studio Version 17
VisualStudioVersion = 17.4.33213.308
MinimumVisualStudioVersion = 10.0.40219.1
Project("{FAE04EC0-301F-11D3-BF4B-00C04F79EFBC}") = "Windows Telemetry Manager", "Windows Telemetry Manager.csproj", "{AD6E8610-FDA2-4B90-9F5F-8C15415895AF}"
EndProject
Global
	GlobalSection(SolutionConfigurationPlatforms) = preSolution
		Debug|Any CPU = Debug|Any CPU
		Release|Any CPU = Release|Any CPU
	EndGlobalSection
	GlobalSection(ProjectConfigurationPlatforms) = postSolution
		{AD6E8610-FDA2-4B90-9F5F-8C15415895AF}.Debug|Any CPU.ActiveCfg = Debug|Any CPU
		{AD6E8610-FDA2-4B90-9F5F-8C15415895AF}.Debug|Any CPU.Build.0 = Debug|Any CPU
		{AD6E8610-FDA2-4B90-9F5F-8C15415895AF}.Release|Any CPU.ActiveCfg = Release|Any CPU
		{AD6E8610-FDA2-4B90-9F5F-8C15415895AF}.Release|Any CPU.Build.0 = Release|Any CPU
	EndGlobalSection
	GlobalSection(SolutionProperties) = preSolution
		HideSolutionNode = FALSE
	EndGlobalSection
	GlobalSection(ExtensibilityGlobals) = postSolution
		SolutionGuid = {4F09B118-2D19-4A41-BF97-C5C137A4678F}
	EndGlobalSection
EndGlobal
